<?xml version="1.0" encoding="UTF-8"?>
<CodeBlocks_project_file>
	<FileVersion major="1" minor="6"/>
	<Project>
		<Option title="dsock"/>
		<Option makefile_is_custom="1"/>
		<Option compiler="gcc"/>
		<Option virtualFolders="CMake Files\;CMake Files\..\;CMake Files\..\..\;CMake Files\..\..\..\;CMake Files\..\..\..\..\;CMake Files\..\..\..\..\..\;CMake Files\..\..\..\..\..\..\;CMake Files\..\..\..\..\..\..\..\;CMake Files\..\..\..\..\..\..\..\..\;CMake Files\..\..\..\..\..\..\..\..\usr\;CMake Files\..\..\..\..\..\..\..\..\usr\lib\;CMake Files\..\..\..\..\..\..\..\..\usr\lib\x86_64-linux-gnu\;CMake Files\..\..\..\..\..\..\..\..\usr\lib\x86_64-linux-gnu\cmake\;CMake Files\..\..\..\..\..\..\..\..\usr\lib\x86_64-linux-gnu\cmake\Qt5Core\;"/>
		<Build>
			<Target title="all">
				<Option working_dir="/home/liujun/Work/Study/CPP/project/cpp-server/build-DSock-unknown-Debug"/>
				<Option type="4"/>
				<MakeCommands>
					<Build command="/usr/bin/make -j8 -f &quot;/home/liujun/Work/Study/CPP/project/cpp-server/build-DSock-unknown-Debug/Makefile&quot;  VERBOSE=1 all"/>
					<CompileFile command="/usr/bin/make -j8 -f &quot;/home/liujun/Work/Study/CPP/project/cpp-server/build-DSock-unknown-Debug/Makefile&quot;  VERBOSE=1 &quot;$file&quot;"/>
					<Clean command="/usr/bin/make -j8 -f &quot;/home/liujun/Work/Study/CPP/project/cpp-server/build-DSock-unknown-Debug/Makefile&quot;  VERBOSE=1 clean"/>
					<DistClean command="/usr/bin/make -j8 -f &quot;/home/liujun/Work/Study/CPP/project/cpp-server/build-DSock-unknown-Debug/Makefile&quot;  VERBOSE=1 clean"/>
				</MakeCommands>
			</Target>
			<Target title="rebuild_cache">
				<Option working_dir="/home/liujun/Work/Study/CPP/project/cpp-server/build-DSock-unknown-Debug"/>
				<Option type="4"/>
				<MakeCommands>
					<Build command="/usr/bin/make -j8 -f &quot;/home/liujun/Work/Study/CPP/project/cpp-server/build-DSock-unknown-Debug/Makefile&quot;  VERBOSE=1 rebuild_cache"/>
					<CompileFile command="/usr/bin/make -j8 -f &quot;/home/liujun/Work/Study/CPP/project/cpp-server/build-DSock-unknown-Debug/Makefile&quot;  VERBOSE=1 &quot;$file&quot;"/>
					<Clean command="/usr/bin/make -j8 -f &quot;/home/liujun/Work/Study/CPP/project/cpp-server/build-DSock-unknown-Debug/Makefile&quot;  VERBOSE=1 clean"/>
					<DistClean command="/usr/bin/make -j8 -f &quot;/home/liujun/Work/Study/CPP/project/cpp-server/build-DSock-unknown-Debug/Makefile&quot;  VERBOSE=1 clean"/>
				</MakeCommands>
			</Target>
			<Target title="dsock">
				<Option output="/home/liujun/Work/Study/CPP/project/cpp-server/build-DSock-unknown-Debug/dsock" prefix_auto="0" extension_auto="0"/>
				<Option working_dir="/home/liujun/Work/Study/CPP/project/cpp-server/build-DSock-unknown-Debug"/>
				<Option object_output="./"/>
				<Option type="1"/>
				<Option compiler="gcc"/>
				<Compiler>
					<Add option="-DQT_CORE_LIB"/>
					<Add directory="/home/liujun/Work/Study/CPP/project/cpp-server/build-DSock-unknown-Debug"/>
					<Add directory="/home/liujun/Work/Study/CPP/project/cpp-server/DSock"/>
					<Add directory="/home/liujun/Work/Study/CPP/project/cpp-server/build-DSock-unknown-Debug/dsock_autogen/include"/>
					<Add directory="/usr/include/x86_64-linux-gnu/qt5"/>
					<Add directory="/usr/include/x86_64-linux-gnu/qt5/QtCore"/>
					<Add directory="/usr/lib/x86_64-linux-gnu/qt5/mkspecs/linux-g++"/>
					<Add directory="/usr/include/c++/8"/>
					<Add directory="/usr/include/x86_64-linux-gnu/c++/8"/>
					<Add directory="/usr/include/c++/8/backward"/>
					<Add directory="/usr/lib/gcc/x86_64-linux-gnu/8/include"/>
					<Add directory="/usr/local/include"/>
					<Add directory="/usr/lib/gcc/x86_64-linux-gnu/8/include-fixed"/>
					<Add directory="/usr/include/x86_64-linux-gnu"/>
					<Add directory="/usr/include"/>
				</Compiler>
				<MakeCommands>
					<Build command="/usr/bin/make -j8 -f &quot;/home/liujun/Work/Study/CPP/project/cpp-server/build-DSock-unknown-Debug/Makefile&quot;  VERBOSE=1 dsock"/>
					<CompileFile command="/usr/bin/make -j8 -f &quot;/home/liujun/Work/Study/CPP/project/cpp-server/build-DSock-unknown-Debug/Makefile&quot;  VERBOSE=1 &quot;$file&quot;"/>
					<Clean command="/usr/bin/make -j8 -f &quot;/home/liujun/Work/Study/CPP/project/cpp-server/build-DSock-unknown-Debug/Makefile&quot;  VERBOSE=1 clean"/>
					<DistClean command="/usr/bin/make -j8 -f &quot;/home/liujun/Work/Study/CPP/project/cpp-server/build-DSock-unknown-Debug/Makefile&quot;  VERBOSE=1 clean"/>
				</MakeCommands>
			</Target>
			<Target title="dsock/fast">
				<Option output="/home/liujun/Work/Study/CPP/project/cpp-server/build-DSock-unknown-Debug/dsock" prefix_auto="0" extension_auto="0"/>
				<Option working_dir="/home/liujun/Work/Study/CPP/project/cpp-server/build-DSock-unknown-Debug"/>
				<Option object_output="./"/>
				<Option type="1"/>
				<Option compiler="gcc"/>
				<Compiler>
					<Add option="-DQT_CORE_LIB"/>
					<Add directory="/home/liujun/Work/Study/CPP/project/cpp-server/build-DSock-unknown-Debug"/>
					<Add directory="/home/liujun/Work/Study/CPP/project/cpp-server/DSock"/>
					<Add directory="/home/liujun/Work/Study/CPP/project/cpp-server/build-DSock-unknown-Debug/dsock_autogen/include"/>
					<Add directory="/usr/include/x86_64-linux-gnu/qt5"/>
					<Add directory="/usr/include/x86_64-linux-gnu/qt5/QtCore"/>
					<Add directory="/usr/lib/x86_64-linux-gnu/qt5/mkspecs/linux-g++"/>
					<Add directory="/usr/include/c++/8"/>
					<Add directory="/usr/include/x86_64-linux-gnu/c++/8"/>
					<Add directory="/usr/include/c++/8/backward"/>
					<Add directory="/usr/lib/gcc/x86_64-linux-gnu/8/include"/>
					<Add directory="/usr/local/include"/>
					<Add directory="/usr/lib/gcc/x86_64-linux-gnu/8/include-fixed"/>
					<Add directory="/usr/include/x86_64-linux-gnu"/>
					<Add directory="/usr/include"/>
				</Compiler>
				<MakeCommands>
					<Build command="/usr/bin/make -j8 -f &quot;/home/liujun/Work/Study/CPP/project/cpp-server/build-DSock-unknown-Debug/Makefile&quot;  VERBOSE=1 dsock/fast"/>
					<CompileFile command="/usr/bin/make -j8 -f &quot;/home/liujun/Work/Study/CPP/project/cpp-server/build-DSock-unknown-Debug/Makefile&quot;  VERBOSE=1 &quot;$file&quot;"/>
					<Clean command="/usr/bin/make -j8 -f &quot;/home/liujun/Work/Study/CPP/project/cpp-server/build-DSock-unknown-Debug/Makefile&quot;  VERBOSE=1 clean"/>
					<DistClean command="/usr/bin/make -j8 -f &quot;/home/liujun/Work/Study/CPP/project/cpp-server/build-DSock-unknown-Debug/Makefile&quot;  VERBOSE=1 clean"/>
				</MakeCommands>
			</Target>
			<Target title="edit_cache">
				<Option working_dir="/home/liujun/Work/Study/CPP/project/cpp-server/build-DSock-unknown-Debug"/>
				<Option type="4"/>
				<MakeCommands>
					<Build command="/usr/bin/make -j8 -f &quot;/home/liujun/Work/Study/CPP/project/cpp-server/build-DSock-unknown-Debug/Makefile&quot;  VERBOSE=1 edit_cache"/>
					<CompileFile command="/usr/bin/make -j8 -f &quot;/home/liujun/Work/Study/CPP/project/cpp-server/build-DSock-unknown-Debug/Makefile&quot;  VERBOSE=1 &quot;$file&quot;"/>
					<Clean command="/usr/bin/make -j8 -f &quot;/home/liujun/Work/Study/CPP/project/cpp-server/build-DSock-unknown-Debug/Makefile&quot;  VERBOSE=1 clean"/>
					<DistClean command="/usr/bin/make -j8 -f &quot;/home/liujun/Work/Study/CPP/project/cpp-server/build-DSock-unknown-Debug/Makefile&quot;  VERBOSE=1 clean"/>
				</MakeCommands>
			</Target>
			<Target title="dsock_autogen">
				<Option working_dir="/home/liujun/Work/Study/CPP/project/cpp-server/build-DSock-unknown-Debug"/>
				<Option type="4"/>
				<MakeCommands>
					<Build command="/usr/bin/make -j8 -f &quot;/home/liujun/Work/Study/CPP/project/cpp-server/build-DSock-unknown-Debug/Makefile&quot;  VERBOSE=1 dsock_autogen"/>
					<CompileFile command="/usr/bin/make -j8 -f &quot;/home/liujun/Work/Study/CPP/project/cpp-server/build-DSock-unknown-Debug/Makefile&quot;  VERBOSE=1 &quot;$file&quot;"/>
					<Clean command="/usr/bin/make -j8 -f &quot;/home/liujun/Work/Study/CPP/project/cpp-server/build-DSock-unknown-Debug/Makefile&quot;  VERBOSE=1 clean"/>
					<DistClean command="/usr/bin/make -j8 -f &quot;/home/liujun/Work/Study/CPP/project/cpp-server/build-DSock-unknown-Debug/Makefile&quot;  VERBOSE=1 clean"/>
				</MakeCommands>
			</Target>
		</Build>
		<Unit filename="/home/liujun/Work/Study/CPP/project/cpp-server/DSock/src/DSockAPI.cpp">
			<Option target="dsock"/>
		</Unit>
		<Unit filename="/home/liujun/Work/Study/CPP/project/cpp-server/DSock/src/DSockAPI.h">
			<Option target="dsock"/>
		</Unit>
		<Unit filename="/home/liujun/Work/Study/CPP/project/cpp-server/DSock/src/DTcpServer.cpp">
			<Option target="dsock"/>
		</Unit>
		<Unit filename="/home/liujun/Work/Study/CPP/project/cpp-server/DSock/src/DTcpServer.h">
			<Option target="dsock"/>
		</Unit>
		<Unit filename="/home/liujun/Work/Study/CPP/project/cpp-server/DSock/src/main.cpp">
			<Option target="dsock"/>
		</Unit>
		<Unit filename="/home/liujun/Work/Study/CPP/project/cpp-server/build-DSock-unknown-Debug/dsock_autogen/mocs_compilation.cpp">
			<Option target="dsock"/>
		</Unit>
		<Unit filename="/home/liujun/Work/Study/CPP/project/cpp-server/DSock/CMakeLists.txt">
			<Option virtualFolder="CMake Files\"/>
		</Unit>
		<Unit filename="/home/liujun/Work/Study/CPP/project/cpp-server/DSock/../../../../../../../../usr/lib/x86_64-linux-gnu/cmake/Qt5Core/Qt5CoreConfig.cmake">
			<Option virtualFolder="CMake Files\..\..\..\..\..\..\..\..\usr\lib\x86_64-linux-gnu\cmake\Qt5Core\"/>
		</Unit>
		<Unit filename="/home/liujun/Work/Study/CPP/project/cpp-server/DSock/../../../../../../../../usr/lib/x86_64-linux-gnu/cmake/Qt5Core/Qt5CoreConfigExtras.cmake">
			<Option virtualFolder="CMake Files\..\..\..\..\..\..\..\..\usr\lib\x86_64-linux-gnu\cmake\Qt5Core\"/>
		</Unit>
		<Unit filename="/home/liujun/Work/Study/CPP/project/cpp-server/DSock/../../../../../../../../usr/lib/x86_64-linux-gnu/cmake/Qt5Core/Qt5CoreConfigExtrasMkspecDir.cmake">
			<Option virtualFolder="CMake Files\..\..\..\..\..\..\..\..\usr\lib\x86_64-linux-gnu\cmake\Qt5Core\"/>
		</Unit>
		<Unit filename="/home/liujun/Work/Study/CPP/project/cpp-server/DSock/../../../../../../../../usr/lib/x86_64-linux-gnu/cmake/Qt5Core/Qt5CoreConfigVersion.cmake">
			<Option virtualFolder="CMake Files\..\..\..\..\..\..\..\..\usr\lib\x86_64-linux-gnu\cmake\Qt5Core\"/>
		</Unit>
		<Unit filename="/home/liujun/Work/Study/CPP/project/cpp-server/DSock/../../../../../../../../usr/lib/x86_64-linux-gnu/cmake/Qt5Core/Qt5CoreMacros.cmake">
			<Option virtualFolder="CMake Files\..\..\..\..\..\..\..\..\usr\lib\x86_64-linux-gnu\cmake\Qt5Core\"/>
		</Unit>
	</Project>
</CodeBlocks_project_file>
